
Microsoft Visual Studio Solution File, Format Version 12.00
# Visual Studio Version 17
VisualStudioVersion = 17.11.35219.272
MinimumVisualStudioVersion = 10.0.40219.1
Project("{FAE04EC0-301F-11D3-BF4B-00C04F79EFBC}") = "ConsoleApp1", "ConsoleApp1.csproj", "{7DA83C45-1443-4FD8-9BE4-04DA279C8FB5}"
EndProject
Global
	GlobalSection(SolutionConfigurationPlatforms) = preSolution
		Debug|Any CPU = Debug|Any CPU
		Release|Any CPU = Release|Any CPU
	EndGlobalSection
	GlobalSection(ProjectConfigurationPlatforms) = postSolution
		{7DA83C45-1443-4FD8-9BE4-04DA279C8FB5}.Debug|Any CPU.ActiveCfg = Debug|Any CPU
		{7DA83C45-1443-4FD8-9BE4-04DA279C8FB5}.Debug|Any CPU.Build.0 = Debug|Any CPU
		{7DA83C45-1443-4FD8-9BE4-04DA279C8FB5}.Release|Any CPU.ActiveCfg = Release|Any CPU
		{7DA83C45-1443-4FD8-9BE4-04DA279C8FB5}.Release|Any CPU.Build.0 = Release|Any CPU
	EndGlobalSection
	GlobalSection(SolutionProperties) = preSolution
		HideSolutionNode = FALSE
	EndGlobalSection
	GlobalSection(ExtensibilityGlobals) = postSolution
		SolutionGuid = {1A75D9FA-27A9-4066-8214-77FE813212DD}
	EndGlobalSection
EndGlobal
